
Microsoft Visual Studio Solution File, Format Version 12.00
# Visual Studio Version 17
VisualStudioVersion = 17.5.33414.496
MinimumVisualStudioVersion = 10.0.40219.1
Project("{9A19103F-16F7-4668-BE54-9A1E7A4F7556}") = "ForumApp", "ForumApp\ForumApp.csproj", "{A93ABEB6-9B28-4858-AF56-77F0B42F9A96}"
EndProject
Project("{9A19103F-16F7-4668-BE54-9A1E7A4F7556}") = "Forum.Data.Models", "Formum.Data.Models\Forum.Data.Models.csproj", "{33046946-C5F9-4C83-9662-46C221B7488B}"
EndProject
Project("{9A19103F-16F7-4668-BE54-9A1E7A4F7556}") = "Forum.Data", "Forum.Data\Forum.Data.csproj", "{64137940-8C47-4362-AF08-4FA5E28305BA}"
EndProject
Project("{9A19103F-16F7-4668-BE54-9A1E7A4F7556}") = "Forum.Common", "Forum.Common\Forum.Common.csproj", "{A8B39453-D0AF-441F-BC6B-E4D8B3054D05}"
EndProject
Project("{9A19103F-16F7-4668-BE54-9A1E7A4F7556}") = "Forum.ViewModels", "Forum.ViewModels\Forum.ViewModels.csproj", "{C3686C65-14E1-45E1-8C5A-542D720A5CE0}"
EndProject
Project("{FAE04EC0-301F-11D3-BF4B-00C04F79EFBC}") = "Forum.Services", "Forum.Services\Forum.Services.csproj", "{0754738E-E7E7-49EF-92B8-8DCFB7E06421}"
EndProject
Global
	GlobalSection(SolutionConfigurationPlatforms) = preSolution
		Debug|Any CPU = Debug|Any CPU
		Release|Any CPU = Release|Any CPU
	EndGlobalSection
	GlobalSection(ProjectConfigurationPlatforms) = postSolution
		{A93ABEB6-9B28-4858-AF56-77F0B42F9A96}.Debug|Any CPU.ActiveCfg = Debug|Any CPU
		{A93ABEB6-9B28-4858-AF56-77F0B42F9A96}.Debug|Any CPU.Build.0 = Debug|Any CPU
		{A93ABEB6-9B28-4858-AF56-77F0B42F9A96}.Release|Any CPU.ActiveCfg = Release|Any CPU
		{A93ABEB6-9B28-4858-AF56-77F0B42F9A96}.Release|Any CPU.Build.0 = Release|Any CPU
		{33046946-C5F9-4C83-9662-46C221B7488B}.Debug|Any CPU.ActiveCfg = Debug|Any CPU
		{33046946-C5F9-4C83-9662-46C221B7488B}.Debug|Any CPU.Build.0 = Debug|Any CPU
		{33046946-C5F9-4C83-9662-46C221B7488B}.Release|Any CPU.ActiveCfg = Release|Any CPU
		{33046946-C5F9-4C83-9662-46C221B7488B}.Release|Any CPU.Build.0 = Release|Any CPU
		{64137940-8C47-4362-AF08-4FA5E28305BA}.Debug|Any CPU.ActiveCfg = Debug|Any CPU
		{64137940-8C47-4362-AF08-4FA5E28305BA}.Debug|Any CPU.Build.0 = Debug|Any CPU
		{64137940-8C47-4362-AF08-4FA5E28305BA}.Release|Any CPU.ActiveCfg = Release|Any CPU
		{64137940-8C47-4362-AF08-4FA5E28305BA}.Release|Any CPU.Build.0 = Release|Any CPU
		{A8B39453-D0AF-441F-BC6B-E4D8B3054D05}.Debug|Any CPU.ActiveCfg = Debug|Any CPU
		{A8B39453-D0AF-441F-BC6B-E4D8B3054D05}.Debug|Any CPU.Build.0 = Debug|Any CPU
		{A8B39453-D0AF-441F-BC6B-E4D8B3054D05}.Release|Any CPU.ActiveCfg = Release|Any CPU
		{A8B39453-D0AF-441F-BC6B-E4D8B3054D05}.Release|Any CPU.Build.0 = Release|Any CPU
		{C3686C65-14E1-45E1-8C5A-542D720A5CE0}.Debug|Any CPU.ActiveCfg = Debug|Any CPU
		{C3686C65-14E1-45E1-8C5A-542D720A5CE0}.Debug|Any CPU.Build.0 = Debug|Any CPU
		{C3686C65-14E1-45E1-8C5A-542D720A5CE0}.Release|Any CPU.ActiveCfg = Release|Any CPU
		{C3686C65-14E1-45E1-8C5A-542D720A5CE0}.Release|Any CPU.Build.0 = Release|Any CPU
		{0754738E-E7E7-49EF-92B8-8DCFB7E06421}.Debug|Any CPU.ActiveCfg = Debug|Any CPU
		{0754738E-E7E7-49EF-92B8-8DCFB7E06421}.Debug|Any CPU.Build.0 = Debug|Any CPU
		{0754738E-E7E7-49EF-92B8-8DCFB7E06421}.Release|Any CPU.ActiveCfg = Release|Any CPU
		{0754738E-E7E7-49EF-92B8-8DCFB7E06421}.Release|Any CPU.Build.0 = Release|Any CPU
	EndGlobalSection
	GlobalSection(SolutionProperties) = preSolution
		HideSolutionNode = FALSE
	EndGlobalSection
	GlobalSection(ExtensibilityGlobals) = postSolution
		SolutionGuid = {6EC6CA92-0027-42A8-922F-598051C2FF25}
	EndGlobalSection
EndGlobal
