
Microsoft Visual Studio Solution File, Format Version 12.00
# Visual Studio Version 17
VisualStudioVersion = 17.5.33414.496
MinimumVisualStudioVersion = 10.0.40219.1
Project("{FAE04EC0-301F-11D3-BF4B-00C04F79EFBC}") = "AspNetCoreIntroduction", "AspNetCoreIntroduction\AspNetCoreIntroduction.csproj", "{BBD270F8-747C-48BC-AF2C-A890A147184A}"
EndProject
Global
	GlobalSection(SolutionConfigurationPlatforms) = preSolution
		Debug|Any CPU = Debug|Any CPU
		Release|Any CPU = Release|Any CPU
	EndGlobalSection
	GlobalSection(ProjectConfigurationPlatforms) = postSolution
		{BBD270F8-747C-48BC-AF2C-A890A147184A}.Debug|Any CPU.ActiveCfg = Debug|Any CPU
		{BBD270F8-747C-48BC-AF2C-A890A147184A}.Debug|Any CPU.Build.0 = Debug|Any CPU
		{BBD270F8-747C-48BC-AF2C-A890A147184A}.Release|Any CPU.ActiveCfg = Release|Any CPU
		{BBD270F8-747C-48BC-AF2C-A890A147184A}.Release|Any CPU.Build.0 = Release|Any CPU
	EndGlobalSection
	GlobalSection(SolutionProperties) = preSolution
		HideSolutionNode = FALSE
	EndGlobalSection
	GlobalSection(ExtensibilityGlobals) = postSolution
		SolutionGuid = {DAA2DE1B-BBCE-487B-A5E1-E42C48B4EC23}
	EndGlobalSection
EndGlobal
